{
  "name": "node",
  "version": "1.0.0",
  "lockfileVersion": 3,
  "requires": true,
  "packages": {
    "": {
      "name": "node",
      "version": "1.0.0",
      "license": "ISC",
      "dependencies": {
        "lodash": "^4.17.21",
        "openweather-api-node": "^3.1.1"
      }
    },
    "node_modules/lodash": {
      "version": "4.17.21",
      "resolved": "https://registry.npmjs.org/lodash/-/lodash-4.17.21.tgz",
      "integrity": "sha512-v2kDEe57lecTulaDIuNTPy3Ry4gLGJ6Z1O3vE1krgXZNrsQ+LFTGHVxVjcXPs17LhbZVGedAJv8XZ1tvj5FvSg=="
    },
    "node_modules/openweather-api-node": {
      "version": "3.1.1",
      "resolved": "https://registry.npmjs.org/openweather-api-node/-/openweather-api-node-3.1.1.tgz",
      "integrity": "sha512-f0KWw21314RPIO2qkLrmz/xjUV2I7B8Lyb4WNqBsckQl20cGwklaM/KrUsLQaPeqz2Z4wOMJbA45TI+aHCawEg=="
    }
  }
}
